
Microsoft Visual Studio Solution File, Format Version 12.00
# Visual Studio Version 17
VisualStudioVersion = 17.10.34916.146
MinimumVisualStudioVersion = 10.0.40219.1
Project("{FAE04EC0-301F-11D3-BF4B-00C04F79EFBC}") = "SlapshotRecorder", "SlapshotRecorder\SlapshotRecorder.csproj", "{EAC205FA-C81B-4B23-9FCA-5032D11452D3}"
EndProject
Global
	GlobalSection(SolutionConfigurationPlatforms) = preSolution
		Debug|Any CPU = Debug|Any CPU
		Release|Any CPU = Release|Any CPU
	EndGlobalSection
	GlobalSection(ProjectConfigurationPlatforms) = postSolution
		{EAC205FA-C81B-4B23-9FCA-5032D11452D3}.Debug|Any CPU.ActiveCfg = Debug|Any CPU
		{EAC205FA-C81B-4B23-9FCA-5032D11452D3}.Debug|Any CPU.Build.0 = Debug|Any CPU
		{EAC205FA-C81B-4B23-9FCA-5032D11452D3}.Release|Any CPU.ActiveCfg = Release|Any CPU
		{EAC205FA-C81B-4B23-9FCA-5032D11452D3}.Release|Any CPU.Build.0 = Release|Any CPU
	EndGlobalSection
	GlobalSection(SolutionProperties) = preSolution
		HideSolutionNode = FALSE
	EndGlobalSection
	GlobalSection(ExtensibilityGlobals) = postSolution
		SolutionGuid = {9EA18874-1765-4D3D-9225-0BEF06F6C709}
	EndGlobalSection
EndGlobal
